DEPENDENCIES
  apt
    path: ../apt
  aptly
    path: ../aptly
  ark
    path: ../ark
  awscli
    path: ../awscli
  bash
    path: ../bash
  bibcd
    path: ../bibcd
  build-essential
    path: ../build-essential
  chef_handler
    path: ../chef_handler
  chef_handler_sns
    path: ../chef_handler_sns
  composer
    path: ../composer
  cron
    path: ../cron
  easybib
    path: ../easybib
  ezproxy
    path: ../ezproxy
  fail2ban
    path: ../fail2ban
  haproxy
    path: ../haproxy
  ies
    path: ../ies
  ies-apt
    path: ../ies-apt
  ies-gearmand
    path: ../ies-gearmand
  ies-letsencrypt
    path: ../ies-letsencrypt
  ies-mysql
    path: ../ies-mysql
  ies-nodejs
    path: ../ies-nodejs
  ies-route53
    path: ../ies-route53
  ies-ssl
    path: ../ies-ssl
  logrotate
    path: ../logrotate
  monit
    path: ../monit
  mysql
    path: ../mysql
  nginx-app
    path: ../nginx-app
  nodejs
    path: ../nodejs
  ohai
    path: ../ohai
  papertrail
    path: ../papertrail
  pecl-manager
    path: ../pecl-manager
  php
    path: ../php
  php-fpm
    path: ../php-fpm
  postfix
    path: ../postfix
  python
    path: ../python
  rsyslog
    path: ../rsyslog
  rsyslogd
    path: ../rsyslogd
  satis
    path: ../satis
  sinopia
    path: ../sinopia
  sinopia-github
    path: ../sinopia-github
  stack-qa
    path: .
  supervisor
    path: ../supervisor
  tideways
    path: ../tideways
  wt-data
    path: ../wt-data
  xml
    path: ../xml

GRAPH
  apt (2.6.1)
  aptly (0.1.0)
    apt (>= 0.0.0)
    cron (>= 0.0.0)
    easybib (>= 0.0.0)
  ark (0.9.0)
  awscli (0.1.0)
    python (>= 0.0.0)
  bash (0.1.0)
    easybib (>= 0.0.0)
  bibcd (0.1.0)
    easybib (>= 0.0.0)
  build-essential (2.0.3)
  chef_handler (1.1.7)
  chef_handler_sns (0.2.0)
    chef_handler (>= 0.0.0)
    xml (>= 0.0.0)
  composer (0.2.0)
  cron (1.2.9)
  easybib (0.1.0)
    apt (>= 0.0.0)
    chef_handler (>= 0.0.0)
    ies (>= 0.0.0)
    ies-ssl (>= 0.0.0)
    nginx-app (>= 0.0.0)
    pecl-manager (>= 0.0.0)
    php (>= 0.0.0)
    php-fpm (>= 0.0.0)
    wt-data (>= 0.0.0)
  ezproxy (0.1.0)
  fail2ban (2.2.1)
  haproxy (0.2.0)
    easybib (>= 0.0.0)
    ies-letsencrypt (>= 0.0.0)
    ies-ssl (>= 0.0.0)
    monit (>= 0.0.0)
    rsyslogd (>= 0.0.0)
  ies (0.1.0)
    apt (>= 0.0.0)
    chef_handler_sns (>= 0.0.0)
    composer (>= 0.0.0)
    easybib (>= 0.0.0)
    fail2ban (>= 0.0.0)
    ies-route53 (>= 0.0.0)
    monit (>= 0.0.0)
    nginx-app (>= 0.0.0)
    papertrail (>= 0.0.0)
    php (>= 0.0.0)
    php-fpm (>= 0.0.0)
    postfix (>= 0.0.0)
    rsyslogd (>= 0.0.0)
    tideways (>= 0.0.0)
  ies-apt (0.0.1)
    apt (>= 0.0.0)
    aptly (>= 0.0.0)
    easybib (>= 0.0.0)
  ies-gearmand (0.2.0)
    php (>= 0.0.0)
  ies-letsencrypt (0.1.0)
    cron (>= 0.0.0)
  ies-mysql (0.1.0)
    easybib (>= 0.0.0)
    mysql (>= 0.0.0)
  ies-nodejs (0.1.0)
    nodejs (>= 0.0.0)
  ies-route53 (0.1.0)
    easybib (>= 0.0.0)
  ies-ssl (0.1.0)
    haproxy (>= 0.0.0)
  logrotate (1.9.2)
  monit (0.2.0)
    easybib (>= 0.0.0)
    ies-gearmand (>= 0.0.0)
    nginx-app (>= 0.0.0)
  mysql (6.1.2)
  nginx-app (0.1.0)
    apt (>= 0.0.0)
    aptly (>= 0.0.0)
    easybib (>= 0.0.0)
    ies-ssl (>= 0.0.0)
    php-fpm (>= 0.0.0)
    rsyslogd (>= 0.0.0)
    supervisor (>= 0.0.0)
  nodejs (2.4.0)
    apt (>= 0.0.0)
    ark (>= 0.0.0)
    build-essential (>= 0.0.0)
  ohai (2.0.4)
  papertrail (0.0.7)
    rsyslog (>= 0.0.0)
  pecl-manager (0.1.0)
    easybib (>= 0.0.0)
  php (0.1.0)
    apt (>= 0.0.0)
    aptly (>= 0.0.0)
    ies-apt (>= 0.0.0)
    ohai (>= 0.0.0)
    php-fpm (>= 0.0.0)
  php-fpm (0.4.0)
    awscli (>= 0.0.0)
    easybib (>= 0.0.0)
    monit (>= 0.0.0)
    ohai (>= 0.0.0)
    php (>= 0.0.0)
  postfix (0.1.0)
    easybib (>= 0.0.0)
  python (1.4.7)
    build-essential (>= 0.0.0)
  rsyslog (2.2.0)
  rsyslogd (0.1.0)
  satis (0.1.0)
    easybib (>= 0.0.0)
    nginx-app (>= 0.0.0)
  sinopia (0.3.0)
    apt (>= 0.0.0)
    logrotate (>= 0.0.0)
    nodejs (~> 2.0)
  sinopia-github (0.0.1)
    sinopia (>= 0.0.0)
  stack-qa (0.2.0)
    aptly (>= 0.0.0)
    bash (>= 0.0.0)
    composer (>= 0.0.0)
    ezproxy (>= 0.0.0)
    ies (>= 0.0.0)
    ies-gearmand (>= 0.0.0)
    ies-letsencrypt (>= 0.0.0)
    ies-mysql (>= 0.0.0)
    ies-nodejs (>= 0.0.0)
    nginx-app (>= 0.0.0)
    nodejs (>= 0.0.0)
    php (>= 0.0.0)
    php-fpm (>= 0.0.0)
    sinopia (>= 0.0.0)
    sinopia-github (>= 0.0.0)
    supervisor (>= 0.0.0)
  supervisor (0.4.12)
    python (>= 0.0.0)
  tideways (0.1.0)
    apt (>= 0.0.0)
    easybib (>= 0.0.0)
    php (>= 0.0.0)
    php-fpm (>= 0.0.0)
  wt-data (0.1.0)
  xml (1.2.3)
    build-essential (>= 0.0.0)
